
Microsoft Visual Studio Solution File, Format Version 12.00
# Visual Studio 15
Project("{FAE04EC0-301F-11D3-BF4B-00C04F79EFBC}") = "Assembly-CSharp", "Assembly-CSharp.csproj", "{37BD2D5F-F07C-6147-EE3F-F3AB471F9360}"
EndProject
Project("{FAE04EC0-301F-11D3-BF4B-00C04F79EFBC}") = "Assembly-CSharp-firstpass", "Assembly-CSharp-firstpass.csproj", "{1548993E-1F1C-1E6E-CCE5-EF59A2F162DC}"
EndProject
Global
	GlobalSection(SolutionConfigurationPlatforms) = preSolution
		Debug|Any CPU = Debug|Any CPU
		Release|Any CPU = Release|Any CPU
	EndGlobalSection
	GlobalSection(ProjectConfigurationPlatforms) = postSolution
		{37BD2D5F-F07C-6147-EE3F-F3AB471F9360}.Debug|Any CPU.ActiveCfg = Debug|Any CPU
		{37BD2D5F-F07C-6147-EE3F-F3AB471F9360}.Debug|Any CPU.Build.0 = Debug|Any CPU
		{37BD2D5F-F07C-6147-EE3F-F3AB471F9360}.Release|Any CPU.ActiveCfg = Release|Any CPU
		{37BD2D5F-F07C-6147-EE3F-F3AB471F9360}.Release|Any CPU.Build.0 = Release|Any CPU
		{1548993E-1F1C-1E6E-CCE5-EF59A2F162DC}.Debug|Any CPU.ActiveCfg = Debug|Any CPU
		{1548993E-1F1C-1E6E-CCE5-EF59A2F162DC}.Debug|Any CPU.Build.0 = Debug|Any CPU
		{1548993E-1F1C-1E6E-CCE5-EF59A2F162DC}.Release|Any CPU.ActiveCfg = Release|Any CPU
		{1548993E-1F1C-1E6E-CCE5-EF59A2F162DC}.Release|Any CPU.Build.0 = Release|Any CPU
	EndGlobalSection
	GlobalSection(SolutionProperties) = preSolution
		HideSolutionNode = FALSE
	EndGlobalSection
EndGlobal
